
Microsoft Visual Studio Solution File, Format Version 12.00
# Visual Studio Version 16
VisualStudioVersion = 16.0.31112.23
MinimumVisualStudioVersion = 10.0.40219.1
Project("{FAE04EC0-301F-11D3-BF4B-00C04F79EFBC}") = "Chat", "Chat\Chat.csproj", "{1ACF1289-0CBB-4791-83D9-8F0D42C6D97B}"
EndProject
Global
	GlobalSection(SolutionConfigurationPlatforms) = preSolution
		Debug|Any CPU = Debug|Any CPU
		Release|Any CPU = Release|Any CPU
	EndGlobalSection
	GlobalSection(ProjectConfigurationPlatforms) = postSolution
		{1ACF1289-0CBB-4791-83D9-8F0D42C6D97B}.Debug|Any CPU.ActiveCfg = Debug|Any CPU
		{1ACF1289-0CBB-4791-83D9-8F0D42C6D97B}.Debug|Any CPU.Build.0 = Debug|Any CPU
		{1ACF1289-0CBB-4791-83D9-8F0D42C6D97B}.Release|Any CPU.ActiveCfg = Release|Any CPU
		{1ACF1289-0CBB-4791-83D9-8F0D42C6D97B}.Release|Any CPU.Build.0 = Release|Any CPU
	EndGlobalSection
	GlobalSection(SolutionProperties) = preSolution
		HideSolutionNode = FALSE
	EndGlobalSection
	GlobalSection(ExtensibilityGlobals) = postSolution
		SolutionGuid = {95551280-4F5A-4AA0-9B86-228BDE43EADA}
	EndGlobalSection
EndGlobal
